
Microsoft Visual Studio Solution File, Format Version 12.00
# Visual Studio Version 17
VisualStudioVersion = 17.4.33122.133
MinimumVisualStudioVersion = 10.0.40219.1
Project("{9A19103F-16F7-4668-BE54-9A1E7A4F7556}") = "Kollabo", "Kollabo.csproj", "{ADBE6550-854E-4E1D-8E46-53CF40388444}"
EndProject
Project("{9A19103F-16F7-4668-BE54-9A1E7A4F7556}") = "Kollabo.DTO", "..\Kollabo.DTO\Kollabo.DTO.csproj", "{13634D6A-3ABD-4F65-8804-EB6A337F67ED}"
EndProject
Project("{9A19103F-16F7-4668-BE54-9A1E7A4F7556}") = "Kollabo.Data", "..\Kollabo.Data\Kollabo.Data.csproj", "{8FDC327C-53FD-43E0-A7D3-9A5E96CC9E79}"
EndProject
Project("{9A19103F-16F7-4668-BE54-9A1E7A4F7556}") = "Kollabo.CMD", "..\Kollabo.CMD\Kollabo.CMD.csproj", "{DD51E451-D838-4D31-BD6E-D52B54E709A1}"
EndProject
Project("{FAE04EC0-301F-11D3-BF4B-00C04F79EFBC}") = "Kollabo.BLL", "..\Kollabo.BLL\Kollabo.BLL.csproj", "{38B07B38-2CAB-4255-B7E7-3A948B3A5FF5}"
EndProject
Global
	GlobalSection(SolutionConfigurationPlatforms) = preSolution
		Debug|Any CPU = Debug|Any CPU
		Release|Any CPU = Release|Any CPU
	EndGlobalSection
	GlobalSection(ProjectConfigurationPlatforms) = postSolution
		{ADBE6550-854E-4E1D-8E46-53CF40388444}.Debug|Any CPU.ActiveCfg = Debug|Any CPU
		{ADBE6550-854E-4E1D-8E46-53CF40388444}.Debug|Any CPU.Build.0 = Debug|Any CPU
		{ADBE6550-854E-4E1D-8E46-53CF40388444}.Release|Any CPU.ActiveCfg = Release|Any CPU
		{ADBE6550-854E-4E1D-8E46-53CF40388444}.Release|Any CPU.Build.0 = Release|Any CPU
		{13634D6A-3ABD-4F65-8804-EB6A337F67ED}.Debug|Any CPU.ActiveCfg = Debug|Any CPU
		{13634D6A-3ABD-4F65-8804-EB6A337F67ED}.Debug|Any CPU.Build.0 = Debug|Any CPU
		{13634D6A-3ABD-4F65-8804-EB6A337F67ED}.Release|Any CPU.ActiveCfg = Release|Any CPU
		{13634D6A-3ABD-4F65-8804-EB6A337F67ED}.Release|Any CPU.Build.0 = Release|Any CPU
		{8FDC327C-53FD-43E0-A7D3-9A5E96CC9E79}.Debug|Any CPU.ActiveCfg = Debug|Any CPU
		{8FDC327C-53FD-43E0-A7D3-9A5E96CC9E79}.Debug|Any CPU.Build.0 = Debug|Any CPU
		{8FDC327C-53FD-43E0-A7D3-9A5E96CC9E79}.Release|Any CPU.ActiveCfg = Release|Any CPU
		{8FDC327C-53FD-43E0-A7D3-9A5E96CC9E79}.Release|Any CPU.Build.0 = Release|Any CPU
		{DD51E451-D838-4D31-BD6E-D52B54E709A1}.Debug|Any CPU.ActiveCfg = Debug|Any CPU
		{DD51E451-D838-4D31-BD6E-D52B54E709A1}.Debug|Any CPU.Build.0 = Debug|Any CPU
		{DD51E451-D838-4D31-BD6E-D52B54E709A1}.Release|Any CPU.ActiveCfg = Release|Any CPU
		{DD51E451-D838-4D31-BD6E-D52B54E709A1}.Release|Any CPU.Build.0 = Release|Any CPU
		{38B07B38-2CAB-4255-B7E7-3A948B3A5FF5}.Debug|Any CPU.ActiveCfg = Debug|Any CPU
		{38B07B38-2CAB-4255-B7E7-3A948B3A5FF5}.Debug|Any CPU.Build.0 = Debug|Any CPU
		{38B07B38-2CAB-4255-B7E7-3A948B3A5FF5}.Release|Any CPU.ActiveCfg = Release|Any CPU
		{38B07B38-2CAB-4255-B7E7-3A948B3A5FF5}.Release|Any CPU.Build.0 = Release|Any CPU
	EndGlobalSection
	GlobalSection(SolutionProperties) = preSolution
		HideSolutionNode = FALSE
	EndGlobalSection
	GlobalSection(ExtensibilityGlobals) = postSolution
		SolutionGuid = {B19C18C3-2A68-4D28-9E7A-04DA465F4AAB}
	EndGlobalSection
EndGlobal
